# THIS IS AN AUTOGENERATED FILE. DO NOT EDIT THIS FILE DIRECTLY.
# yarn lockfile v1


universalviewer@3.0.16:
  version "3.0.16"
  resolved "https://registry.yarnpkg.com/universalviewer/-/universalviewer-3.0.16.tgz#288d7dc50621af231678a2036a0204f626468e48"
  integrity sha512-mvsuYFC441rhJvwJ9S5vmRt7EN2OeGUV7QItacgJyJ2eY1oH1AC0DvbabpvQDinqVA0qz59ZKqloE6IZOO6wWA==
